
Microsoft Visual Studio Solution File, Format Version 12.00
# Visual Studio 15
VisualStudioVersion = 15.0.28307.438
MinimumVisualStudioVersion = 10.0.40219.1
Project("{FAE04EC0-301F-11D3-BF4B-00C04F79EFBC}") = "Szynszyle", "Szynszyle\Szynszyle.csproj", "{D29BB1F5-5603-49CF-B208-DADD8BA5016B}"
EndProject
Global
	GlobalSection(SolutionConfigurationPlatforms) = preSolution
		Debug|Any CPU = Debug|Any CPU
		Release|Any CPU = Release|Any CPU
	EndGlobalSection
	GlobalSection(ProjectConfigurationPlatforms) = postSolution
		{D29BB1F5-5603-49CF-B208-DADD8BA5016B}.Debug|Any CPU.ActiveCfg = Debug|Any CPU
		{D29BB1F5-5603-49CF-B208-DADD8BA5016B}.Debug|Any CPU.Build.0 = Debug|Any CPU
		{D29BB1F5-5603-49CF-B208-DADD8BA5016B}.Release|Any CPU.ActiveCfg = Release|Any CPU
		{D29BB1F5-5603-49CF-B208-DADD8BA5016B}.Release|Any CPU.Build.0 = Release|Any CPU
	EndGlobalSection
	GlobalSection(SolutionProperties) = preSolution
		HideSolutionNode = FALSE
	EndGlobalSection
	GlobalSection(ExtensibilityGlobals) = postSolution
		SolutionGuid = {A80F7C8E-64D7-4871-8E13-B43AB2034678}
	EndGlobalSection
EndGlobal
